
Microsoft Visual Studio Solution File, Format Version 12.00
Project("{FAE04EC0-301F-11D3-BF4B-00C04F79EFBC}") = "API", "API\API.csproj", "{ADF97C2A-DE52-4072-9FF8-13B1EF84F9BC}"
EndProject
Global
	GlobalSection(SolutionConfigurationPlatforms) = preSolution
		Debug|Any CPU = Debug|Any CPU
		Release|Any CPU = Release|Any CPU
	EndGlobalSection
	GlobalSection(ProjectConfigurationPlatforms) = postSolution
		{ADF97C2A-DE52-4072-9FF8-13B1EF84F9BC}.Debug|Any CPU.ActiveCfg = Debug|Any CPU
		{ADF97C2A-DE52-4072-9FF8-13B1EF84F9BC}.Debug|Any CPU.Build.0 = Debug|Any CPU
		{ADF97C2A-DE52-4072-9FF8-13B1EF84F9BC}.Release|Any CPU.ActiveCfg = Release|Any CPU
		{ADF97C2A-DE52-4072-9FF8-13B1EF84F9BC}.Release|Any CPU.Build.0 = Release|Any CPU
	EndGlobalSection
EndGlobal
